
Microsoft Visual Studio Solution File, Format Version 12.00
# Visual Studio Version 17
VisualStudioVersion = 17.11.35312.102
MinimumVisualStudioVersion = 10.0.40219.1
Project("{FAE04EC0-301F-11D3-BF4B-00C04F79EFBC}") = "NS.SD.Card", "NS.SD.Card\NS.SD.Card.csproj", "{7694AB91-672E-4E1A-8B67-6EFC7A7F8434}"
EndProject
Global
	GlobalSection(SolutionConfigurationPlatforms) = preSolution
		Debug|Any CPU = Debug|Any CPU
		Release|Any CPU = Release|Any CPU
	EndGlobalSection
	GlobalSection(ProjectConfigurationPlatforms) = postSolution
		{7694AB91-672E-4E1A-8B67-6EFC7A7F8434}.Debug|Any CPU.ActiveCfg = Debug|Any CPU
		{7694AB91-672E-4E1A-8B67-6EFC7A7F8434}.Debug|Any CPU.Build.0 = Debug|Any CPU
		{7694AB91-672E-4E1A-8B67-6EFC7A7F8434}.Release|Any CPU.ActiveCfg = Release|Any CPU
		{7694AB91-672E-4E1A-8B67-6EFC7A7F8434}.Release|Any CPU.Build.0 = Release|Any CPU
	EndGlobalSection
	GlobalSection(SolutionProperties) = preSolution
		HideSolutionNode = FALSE
	EndGlobalSection
	GlobalSection(ExtensibilityGlobals) = postSolution
		SolutionGuid = {A84480D7-CB66-4D71-AAAB-B97CF6F081AA}
	EndGlobalSection
EndGlobal
